// !$*UTF8*$!
{
	archiveVersion = 1;
	classes = {
	};
	objectVersion = 50;
	objects = {

/* Begin PBXBuildFile section */
		3981404B24342AE7004A62CB /* UserData.swift in Sources */ = {isa = PBXBuildFile; fileRef = 3981404A24342AE7004A62CB /* UserData.swift */; };
		73887AE22433AB8800A5AE43 /* AppDelegate.swift in Sources */ = {isa = PBXBuildFile; fileRef = 73887AE12433AB8800A5AE43 /* AppDelegate.swift */; };
		73887AE42433AB8800A5AE43 /* SceneDelegate.swift in Sources */ = {isa = PBXBuildFile; fileRef = 73887AE32433AB8800A5AE43 /* SceneDelegate.swift */; };
		73887AE62433AB8800A5AE43 /* LandmarkDetail.swift in Sources */ = {isa = PBXBuildFile; fileRef = 73887AE52433AB8800A5AE43 /* LandmarkDetail.swift */; };
		73887AE82433AB8900A5AE43 /* Assets.xcassets in Resources */ = {isa = PBXBuildFile; fileRef = 73887AE72433AB8900A5AE43 /* Assets.xcassets */; };
		73887AEB2433AB8900A5AE43 /* Preview Assets.xcassets in Resources */ = {isa = PBXBuildFile; fileRef = 73887AEA2433AB8900A5AE43 /* Preview Assets.xcassets */; };
		73887AEE2433AB8900A5AE43 /* LaunchScreen.storyboard in Resources */ = {isa = PBXBuildFile; fileRef = 73887AEC2433AB8900A5AE43 /* LaunchScreen.storyboard */; };
		73887AF62433ABC800A5AE43 /* CircleImage.swift in Sources */ = {isa = PBXBuildFile; fileRef = 73887AF52433ABC800A5AE43 /* CircleImage.swift */; };
		73887AF82433ABDA00A5AE43 /* MapView.swift in Sources */ = {isa = PBXBuildFile; fileRef = 73887AF72433ABDA00A5AE43 /* MapView.swift */; };
		73EBE9692433B10D00393754 /* Landmark.swift in Sources */ = {isa = PBXBuildFile; fileRef = 73EBE9682433B10D00393754 /* Landmark.swift */; };
		73EBE96C2433B27200393754 /* landmarkData.json in Resources */ = {isa = PBXBuildFile; fileRef = 73EBE96B2433B27200393754 /* landmarkData.json */; };
		73EBE97A2433B2BF00393754 /* lakemcdonald.jpg in Resources */ = {isa = PBXBuildFile; fileRef = 73EBE96E2433B2BE00393754 /* lakemcdonald.jpg */; };
		73EBE97B2433B2BF00393754 /* icybay.jpg in Resources */ = {isa = PBXBuildFile; fileRef = 73EBE96F2433B2BE00393754 /* icybay.jpg */; };
		73EBE97C2433B2BF00393754 /* silversalmoncreek.jpg in Resources */ = {isa = PBXBuildFile; fileRef = 73EBE9702433B2BE00393754 /* silversalmoncreek.jpg */; };
		73EBE97D2433B2BF00393754 /* turtlerock.jpg in Resources */ = {isa = PBXBuildFile; fileRef = 73EBE9712433B2BE00393754 /* turtlerock.jpg */; };
		73EBE97E2433B2BF00393754 /* twinlake.jpg in Resources */ = {isa = PBXBuildFile; fileRef = 73EBE9722433B2BE00393754 /* twinlake.jpg */; };
		73EBE97F2433B2BF00393754 /* umbagog.jpg in Resources */ = {isa = PBXBuildFile; fileRef = 73EBE9732433B2BE00393754 /* umbagog.jpg */; };
		73EBE9802433B2BF00393754 /* chincoteague.jpg in Resources */ = {isa = PBXBuildFile; fileRef = 73EBE9742433B2BE00393754 /* chincoteague.jpg */; };
		73EBE9812433B2BF00393754 /* charleyrivers.jpg in Resources */ = {isa = PBXBuildFile; fileRef = 73EBE9752433B2BE00393754 /* charleyrivers.jpg */; };
		73EBE9822433B2BF00393754 /* stmarylake.jpg in Resources */ = {isa = PBXBuildFile; fileRef = 73EBE9762433B2BF00393754 /* stmarylake.jpg */; };
		73EBE9832433B2BF00393754 /* chilkoottrail.jpg in Resources */ = {isa = PBXBuildFile; fileRef = 73EBE9772433B2BF00393754 /* chilkoottrail.jpg */; };
		73EBE9842433B2BF00393754 /* hiddenlake.jpg in Resources */ = {isa = PBXBuildFile; fileRef = 73EBE9782433B2BF00393754 /* hiddenlake.jpg */; };
		73EBE9852433B2BF00393754 /* rainbowlake.jpg in Resources */ = {isa = PBXBuildFile; fileRef = 73EBE9792433B2BF00393754 /* rainbowlake.jpg */; };
		73EBE9872433B30500393754 /* Data.swift in Sources */ = {isa = PBXBuildFile; fileRef = 73EBE9862433B30500393754 /* Data.swift */; };
		73EBE9892433B47000393754 /* LandmarkRow.swift in Sources */ = {isa = PBXBuildFile; fileRef = 73EBE9882433B47000393754 /* LandmarkRow.swift */; };
		73EBE98B2433BBE100393754 /* LandmarkList.swift in Sources */ = {isa = PBXBuildFile; fileRef = 73EBE98A2433BBE100393754 /* LandmarkList.swift */; };
/* End PBXBuildFile section */

/* Begin PBXFileReference section */
		3981404A24342AE7004A62CB /* UserData.swift */ = {isa = PBXFileReference; lastKnownFileType = sourcecode.swift; path = UserData.swift; sourceTree = "<group>"; };
		73887ADE2433AB8800A5AE43 /* Landmarks.app */ = {isa = PBXFileReference; explicitFileType = wrapper.application; includeInIndex = 0; path = Landmarks.app; sourceTree = BUILT_PRODUCTS_DIR; };
		73887AE12433AB8800A5AE43 /* AppDelegate.swift */ = {isa = PBXFileReference; lastKnownFileType = sourcecode.swift; path = AppDelegate.swift; sourceTree = "<group>"; };
		73887AE32433AB8800A5AE43 /* SceneDelegate.swift */ = {isa = PBXFileReference; lastKnownFileType = sourcecode.swift; path = SceneDelegate.swift; sourceTree = "<group>"; };
		73887AE52433AB8800A5AE43 /* LandmarkDetail.swift */ = {isa = PBXFileReference; lastKnownFileType = sourcecode.swift; path = LandmarkDetail.swift; sourceTree = "<group>"; };
		73887AE72433AB8900A5AE43 /* Assets.xcassets */ = {isa = PBXFileReference; lastKnownFileType = folder.assetcatalog; path = Assets.xcassets; sourceTree = "<group>"; };
		73887AEA2433AB8900A5AE43 /* Preview Assets.xcassets */ = {isa = PBXFileReference; lastKnownFileType = folder.assetcatalog; path = "Preview Assets.xcassets"; sourceTree = "<group>"; };
		73887AED2433AB8900A5AE43 /* Base */ = {isa = PBXFileReference; lastKnownFileType = file.storyboard; name = Base; path = Base.lproj/LaunchScreen.storyboard; sourceTree = "<group>"; };
		73887AEF2433AB8900A5AE43 /* Info.plist */ = {isa = PBXFileReference; lastKnownFileType = text.plist.xml; path = Info.plist; sourceTree = "<group>"; };
		73887AF52433ABC800A5AE43 /* CircleImage.swift */ = {isa = PBXFileReference; lastKnownFileType = sourcecode.swift; path = CircleImage.swift; sourceTree = "<group>"; };
		73887AF72433ABDA00A5AE43 /* MapView.swift */ = {isa = PBXFileReference; lastKnownFileType = sourcecode.swift; path = MapView.swift; sourceTree = "<group>"; };
		73EBE9682433B10D00393754 /* Landmark.swift */ = {isa = PBXFileReference; lastKnownFileType = sourcecode.swift; path = Landmark.swift; sourceTree = "<group>"; };
		73EBE96B2433B27200393754 /* landmarkData.json */ = {isa = PBXFileReference; lastKnownFileType = text.json; path = landmarkData.json; sourceTree = "<group>"; };
		73EBE96E2433B2BE00393754 /* lakemcdonald.jpg */ = {isa = PBXFileReference; lastKnownFileType = image.jpeg; path = lakemcdonald.jpg; sourceTree = "<group>"; };
		73EBE96F2433B2BE00393754 /* icybay.jpg */ = {isa = PBXFileReference; lastKnownFileType = image.jpeg; path = icybay.jpg; sourceTree = "<group>"; };
		73EBE9702433B2BE00393754 /* silversalmoncreek.jpg */ = {isa = PBXFileReference; lastKnownFileType = image.jpeg; path = silversalmoncreek.jpg; sourceTree = "<group>"; };
		73EBE9712433B2BE00393754 /* turtlerock.jpg */ = {isa = PBXFileReference; lastKnownFileType = image.jpeg; path = turtlerock.jpg; sourceTree = "<group>"; };
		73EBE9722433B2BE00393754 /* twinlake.jpg */ = {isa = PBXFileReference; lastKnownFileType = image.jpeg; path = twinlake.jpg; sourceTree = "<group>"; };
		73EBE9732433B2BE00393754 /* umbagog.jpg */ = {isa = PBXFileReference; lastKnownFileType = image.jpeg; path = umbagog.jpg; sourceTree = "<group>"; };
		73EBE9742433B2BE00393754 /* chincoteague.jpg */ = {isa = PBXFileReference; lastKnownFileType = image.jpeg; path = chincoteague.jpg; sourceTree = "<group>"; };
		73EBE9752433B2BE00393754 /* charleyrivers.jpg */ = {isa = PBXFileReference; lastKnownFileType = image.jpeg; path = charleyrivers.jpg; sourceTree = "<group>"; };
		73EBE9762433B2BF00393754 /* stmarylake.jpg */ = {isa = PBXFileReference; lastKnownFileType = image.jpeg; path = stmarylake.jpg; sourceTree = "<group>"; };
		73EBE9772433B2BF00393754 /* chilkoottrail.jpg */ = {isa = PBXFileReference; lastKnownFileType = image.jpeg; path = chilkoottrail.jpg; sourceTree = "<group>"; };
		73EBE9782433B2BF00393754 /* hiddenlake.jpg */ = {isa = PBXFileReference; lastKnownFileType = image.jpeg; path = hiddenlake.jpg; sourceTree = "<group>"; };
		73EBE9792433B2BF00393754 /* rainbowlake.jpg */ = {isa = PBXFileReference; lastKnownFileType = image.jpeg; path = rainbowlake.jpg; sourceTree = "<group>"; };
		73EBE9862433B30500393754 /* Data.swift */ = {isa = PBXFileReference; lastKnownFileType = sourcecode.swift; path = Data.swift; sourceTree = "<group>"; };
		73EBE9882433B47000393754 /* LandmarkRow.swift */ = {isa = PBXFileReference; lastKnownFileType = sourcecode.swift; path = LandmarkRow.swift; sourceTree = "<group>"; };
		73EBE98A2433BBE100393754 /* LandmarkList.swift */ = {isa = PBXFileReference; lastKnownFileType = sourcecode.swift; path = LandmarkList.swift; sourceTree = "<group>"; };
/* End PBXFileReference section */

/* Begin PBXFrameworksBuildPhase section */
		73887ADB2433AB8800A5AE43 /* Frameworks */ = {
			isa = PBXFrameworksBuildPhase;
			buildActionMask = 2147483647;
			files = (
			);
			runOnlyForDeploymentPostprocessing = 0;
		};
/* End PBXFrameworksBuildPhase section */

/* Begin PBXGroup section */
		73887AD52433AB8800A5AE43 = {
			isa = PBXGroup;
			children = (
				73887AE02433AB8800A5AE43 /* Landmarks */,
				73887ADF2433AB8800A5AE43 /* Products */,
			);
			sourceTree = "<group>";
		};
		73887ADF2433AB8800A5AE43 /* Products */ = {
			isa = PBXGroup;
			children = (
				73887ADE2433AB8800A5AE43 /* Landmarks.app */,
			);
			name = Products;
			sourceTree = "<group>";
		};
		73887AE02433AB8800A5AE43 /* Landmarks */ = {
			isa = PBXGroup;
			children = (
				73EBE96A2433B24600393754 /* Resources */,
				73EBE9672433B0F800393754 /* Models */,
				73887AE12433AB8800A5AE43 /* AppDelegate.swift */,
				73887AE32433AB8800A5AE43 /* SceneDelegate.swift */,
				73887AE52433AB8800A5AE43 /* LandmarkDetail.swift */,
				73EBE9882433B47000393754 /* LandmarkRow.swift */,
				73EBE98A2433BBE100393754 /* LandmarkList.swift */,
				3981404A24342AE7004A62CB /* UserData.swift */,
				73EBE96D2433B29000393754 /* Supporting Views */,
				73887AE72433AB8900A5AE43 /* Assets.xcassets */,
				73887AEC2433AB8900A5AE43 /* LaunchScreen.storyboard */,
				73887AEF2433AB8900A5AE43 /* Info.plist */,
				73887AE92433AB8900A5AE43 /* Preview Content */,
			);
			path = Landmarks;
			sourceTree = "<group>";
		};
		73887AE92433AB8900A5AE43 /* Preview Content */ = {
			isa = PBXGroup;
			children = (
				73887AEA2433AB8900A5AE43 /* Preview Assets.xcassets */,
			);
			path = "Preview Content";
			sourceTree = "<group>";
		};
		73EBE9672433B0F800393754 /* Models */ = {
			isa = PBXGroup;
			children = (
				73EBE9682433B10D00393754 /* Landmark.swift */,
				73EBE9862433B30500393754 /* Data.swift */,
			);
			path = Models;
			sourceTree = "<group>";
		};
		73EBE96A2433B24600393754 /* Resources */ = {
			isa = PBXGroup;
			children = (
				73EBE96B2433B27200393754 /* landmarkData.json */,
				73EBE9772433B2BF00393754 /* chilkoottrail.jpg */,
				73EBE9742433B2BE00393754 /* chincoteague.jpg */,
				73EBE9782433B2BF00393754 /* hiddenlake.jpg */,
				73EBE96F2433B2BE00393754 /* icybay.jpg */,
				73EBE96E2433B2BE00393754 /* lakemcdonald.jpg */,
				73EBE9792433B2BF00393754 /* rainbowlake.jpg */,
				73EBE9702433B2BE00393754 /* silversalmoncreek.jpg */,
				73EBE9762433B2BF00393754 /* stmarylake.jpg */,
				73EBE9712433B2BE00393754 /* turtlerock.jpg */,
				73EBE9722433B2BE00393754 /* twinlake.jpg */,
				73EBE9732433B2BE00393754 /* umbagog.jpg */,
				73EBE9752433B2BE00393754 /* charleyrivers.jpg */,
			);
			path = Resources;
			sourceTree = "<group>";
		};
		73EBE96D2433B29000393754 /* Supporting Views */ = {
			isa = PBXGroup;
			children = (
				73887AF52433ABC800A5AE43 /* CircleImage.swift */,
				73887AF72433ABDA00A5AE43 /* MapView.swift */,
			);
			path = "Supporting Views";
			sourceTree = "<group>";
		};
/* End PBXGroup section */

/* Begin PBXNativeTarget section */
		73887ADD2433AB8800A5AE43 /* Landmarks */ = {
			isa = PBXNativeTarget;
			buildConfigurationList = 73887AF22433AB8900A5AE43 /* Build configuration list for PBXNativeTarget "Landmarks" */;
			buildPhases = (
				73887ADA2433AB8800A5AE43 /* Sources */,
				73887ADB2433AB8800A5AE43 /* Frameworks */,
				73887ADC2433AB8800A5AE43 /* Resources */,
			);
			buildRules = (
			);
			dependencies = (
			);
			name = Landmarks;
			productName = Landmarks;
			productReference = 73887ADE2433AB8800A5AE43 /* Landmarks.app */;
			productType = "com.apple.product-type.application";
		};
/* End PBXNativeTarget section */

/* Begin PBXProject section */
		73887AD62433AB8800A5AE43 /* Project object */ = {
			isa = PBXProject;
			attributes = {
				LastSwiftUpdateCheck = 1120;
				LastUpgradeCheck = 1120;
				ORGANIZATIONNAME = "Mohammed Faizuddin";
				TargetAttributes = {
					73887ADD2433AB8800A5AE43 = {
						CreatedOnToolsVersion = 11.2.1;
					};
				};
			};
			buildConfigurationList = 73887AD92433AB8800A5AE43 /* Build configuration list for PBXProject "Landmarks" */;
			compatibilityVersion = "Xcode 9.3";
			developmentRegion = en;
			hasScannedForEncodings = 0;
			knownRegions = (
				en,
				Base,
			);
			mainGroup = 73887AD52433AB8800A5AE43;
			productRefGroup = 73887ADF2433AB8800A5AE43 /* Products */;
			projectDirPath = "";
			projectRoot = "";
			targets = (
				73887ADD2433AB8800A5AE43 /* Landmarks */,
			);
		};
/* End PBXProject section */

/* Begin PBXResourcesBuildPhase section */
		73887ADC2433AB8800A5AE43 /* Resources */ = {
			isa = PBXResourcesBuildPhase;
			buildActionMask = 2147483647;
			files = (
				73887AEE2433AB8900A5AE43 /* LaunchScreen.storyboard in Resources */,
				73EBE97A2433B2BF00393754 /* lakemcdonald.jpg in Resources */,
				73EBE96C2433B27200393754 /* landmarkData.json in Resources */,
				73EBE9822433B2BF00393754 /* stmarylake.jpg in Resources */,
				73887AEB2433AB8900A5AE43 /* Preview Assets.xcassets in Resources */,
				73EBE97F2433B2BF00393754 /* umbagog.jpg in Resources */,
				73EBE97D2433B2BF00393754 /* turtlerock.jpg in Resources */,
				73EBE97C2433B2BF00393754 /* silversalmoncreek.jpg in Resources */,
				73EBE9802433B2BF00393754 /* chincoteague.jpg in Resources */,
				73EBE9832433B2BF00393754 /* chilkoottrail.jpg in Resources */,
				73EBE97E2433B2BF00393754 /* twinlake.jpg in Resources */,
				73EBE97B2433B2BF00393754 /* icybay.jpg in Resources */,
				73EBE9812433B2BF00393754 /* charleyrivers.jpg in Resources */,
				73EBE9852433B2BF00393754 /* rainbowlake.jpg in Resources */,
				73EBE9842433B2BF00393754 /* hiddenlake.jpg in Resources */,
				73887AE82433AB8900A5AE43 /* Assets.xcassets in Resources */,
			);
			runOnlyForDeploymentPostprocessing = 0;
		};
/* End PBXResourcesBuildPhase section */

/* Begin PBXSourcesBuildPhase section */
		73887ADA2433AB8800A5AE43 /* Sources */ = {
			isa = PBXSourcesBuildPhase;
			buildActionMask = 2147483647;
			files = (
				73EBE9872433B30500393754 /* Data.swift in Sources */,
				73887AE22433AB8800A5AE43 /* AppDelegate.swift in Sources */,
				73887AF62433ABC800A5AE43 /* CircleImage.swift in Sources */,
				73887AF82433ABDA00A5AE43 /* MapView.swift in Sources */,
				73EBE98B2433BBE100393754 /* LandmarkList.swift in Sources */,
				73887AE42433AB8800A5AE43 /* SceneDelegate.swift in Sources */,
				73887AE62433AB8800A5AE43 /* LandmarkDetail.swift in Sources */,
				73EBE9892433B47000393754 /* LandmarkRow.swift in Sources */,
				3981404B24342AE7004A62CB /* UserData.swift in Sources */,
				73EBE9692433B10D00393754 /* Landmark.swift in Sources */,
			);
			runOnlyForDeploymentPostprocessing = 0;
		};
/* End PBXSourcesBuildPhase section */

/* Begin PBXVariantGroup section */
		73887AEC2433AB8900A5AE43 /* LaunchScreen.storyboard */ = {
			isa = PBXVariantGroup;
			children = (
				73887AED2433AB8900A5AE43 /* Base */,
			);
			name = LaunchScreen.storyboard;
			sourceTree = "<group>";
		};
/* End PBXVariantGroup section */

/* Begin XCBuildConfiguration section */
		73887AF02433AB8900A5AE43 /* Debug */ = {
			isa = XCBuildConfiguration;
			buildSettings = {
				ALWAYS_SEARCH_USER_PATHS = NO;
				CLANG_ANALYZER_NONNULL = YES;
				CLANG_ANALYZER_NUMBER_OBJECT_CONVERSION = YES_AGGRESSIVE;
				CLANG_CXX_LANGUAGE_STANDARD = "gnu++14";
				CLANG_CXX_LIBRARY = "libc++";
				CLANG_ENABLE_MODULES = YES;
				CLANG_ENABLE_OBJC_ARC = YES;
				CLANG_ENABLE_OBJC_WEAK = YES;
				CLANG_WARN_BLOCK_CAPTURE_AUTORELEASING = YES;
				CLANG_WARN_BOOL_CONVERSION = YES;
				CLANG_WARN_COMMA = YES;
				CLANG_WARN_CONSTANT_CONVERSION = YES;
				CLANG_WARN_DEPRECATED_OBJC_IMPLEMENTATIONS = YES;
				CLANG_WARN_DIRECT_OBJC_ISA_USAGE = YES_ERROR;
				CLANG_WARN_DOCUMENTATION_COMMENTS = YES;
				CLANG_WARN_EMPTY_BODY = YES;
				CLANG_WARN_ENUM_CONVERSION = YES;
				CLANG_WARN_INFINITE_RECURSION = YES;
				CLANG_WARN_INT_CONVERSION = YES;
				CLANG_WARN_NON_LITERAL_NULL_CONVERSION = YES;
				CLANG_WARN_OBJC_IMPLICIT_RETAIN_SELF = YES;
				CLANG_WARN_OBJC_LITERAL_CONVERSION = YES;
				CLANG_WARN_OBJC_ROOT_CLASS = YES_ERROR;
				CLANG_WARN_RANGE_LOOP_ANALYSIS = YES;
				CLANG_WARN_STRICT_PROTOTYPES = YES;
				CLANG_WARN_SUSPICIOUS_MOVE = YES;
				CLANG_WARN_UNGUARDED_AVAILABILITY = YES_AGGRESSIVE;
				CLANG_WARN_UNREACHABLE_CODE = YES;
				CLANG_WARN__DUPLICATE_METHOD_MATCH = YES;
				COPY_PHASE_STRIP = NO;
				DEBUG_INFORMATION_FORMAT = dwarf;
				ENABLE_STRICT_OBJC_MSGSEND = YES;
				ENABLE_TESTABILITY = YES;
				GCC_C_LANGUAGE_STANDARD = gnu11;
				GCC_DYNAMIC_NO_PIC = NO;
				GCC_NO_COMMON_BLOCKS = YES;
				GCC_OPTIMIZATION_LEVEL = 0;
				GCC_PREPROCESSOR_DEFINITIONS = (
					"DEBUG=1",
					"$(inherited)",
				);
				GCC_WARN_64_TO_32_BIT_CONVERSION = YES;
				GCC_WARN_ABOUT_RETURN_TYPE = YES_ERROR;
				GCC_WARN_UNDECLARED_SELECTOR = YES;
				GCC_WARN_UNINITIALIZED_AUTOS = YES_AGGRESSIVE;
				GCC_WARN_UNUSED_FUNCTION = YES;
				GCC_WARN_UNUSED_VARIABLE = YES;
				IPHONEOS_DEPLOYMENT_TARGET = 13.2;
				MTL_ENABLE_DEBUG_INFO = INCLUDE_SOURCE;
				MTL_FAST_MATH = YES;
				ONLY_ACTIVE_ARCH = YES;
				SDKROOT = iphoneos;
				SWIFT_ACTIVE_COMPILATION_CONDITIONS = DEBUG;
				SWIFT_OPTIMIZATION_LEVEL = "-Onone";
			};
			name = Debug;
		};
		73887AF12433AB8900A5AE43 /* Release */ = {
			isa = XCBuildConfiguration;
			buildSettings = {
				ALWAYS_SEARCH_USER_PATHS = NO;
				CLANG_ANALYZER_NONNULL = YES;
				CLANG_ANALYZER_NUMBER_OBJECT_CONVERSION = YES_AGGRESSIVE;
				CLANG_CXX_LANGUAGE_STANDARD = "gnu++14";
				CLANG_CXX_LIBRARY = "libc++";
				CLANG_ENABLE_MODULES = YES;
				CLANG_ENABLE_OBJC_ARC = YES;
				CLANG_ENABLE_OBJC_WEAK = YES;
				CLANG_WARN_BLOCK_CAPTURE_AUTORELEASING = YES;
				CLANG_WARN_BOOL_CONVERSION = YES;
				CLANG_WARN_COMMA = YES;
				CLANG_WARN_CONSTANT_CONVERSION = YES;
				CLANG_WARN_DEPRECATED_OBJC_IMPLEMENTATIONS = YES;
				CLANG_WARN_DIRECT_OBJC_ISA_USAGE = YES_ERROR;
				CLANG_WARN_DOCUMENTATION_COMMENTS = YES;
				CLANG_WARN_EMPTY_BODY = YES;
				CLANG_WARN_ENUM_CONVERSION = YES;
				CLANG_WARN_INFINITE_RECURSION = YES;
				CLANG_WARN_INT_CONVERSION = YES;
				CLANG_WARN_NON_LITERAL_NULL_CONVERSION = YES;
				CLANG_WARN_OBJC_IMPLICIT_RETAIN_SELF = YES;
				CLANG_WARN_OBJC_LITERAL_CONVERSION = YES;
				CLANG_WARN_OBJC_ROOT_CLASS = YES_ERROR;
				CLANG_WARN_RANGE_LOOP_ANALYSIS = YES;
				CLANG_WARN_STRICT_PROTOTYPES = YES;
				CLANG_WARN_SUSPICIOUS_MOVE = YES;
				CLANG_WARN_UNGUARDED_AVAILABILITY = YES_AGGRESSIVE;
				CLANG_WARN_UNREACHABLE_CODE = YES;
				CLANG_WARN__DUPLICATE_METHOD_MATCH = YES;
				COPY_PHASE_STRIP = NO;
				DEBUG_INFORMATION_FORMAT = "dwarf-with-dsym";
				ENABLE_NS_ASSERTIONS = NO;
				ENABLE_STRICT_OBJC_MSGSEND = YES;
				GCC_C_LANGUAGE_STANDARD = gnu11;
				GCC_NO_COMMON_BLOCKS = YES;
				GCC_WARN_64_TO_32_BIT_CONVERSION = YES;
				GCC_WARN_ABOUT_RETURN_TYPE = YES_ERROR;
				GCC_WARN_UNDECLARED_SELECTOR = YES;
				GCC_WARN_UNINITIALIZED_AUTOS = YES_AGGRESSIVE;
				GCC_WARN_UNUSED_FUNCTION = YES;
				GCC_WARN_UNUSED_VARIABLE = YES;
				IPHONEOS_DEPLOYMENT_TARGET = 13.2;
				MTL_ENABLE_DEBUG_INFO = NO;
				MTL_FAST_MATH = YES;
				SDKROOT = iphoneos;
				SWIFT_COMPILATION_MODE = wholemodule;
				SWIFT_OPTIMIZATION_LEVEL = "-O";
				VALIDATE_PRODUCT = YES;
			};
			name = Release;
		};
		73887AF32433AB8900A5AE43 /* Debug */ = {
			isa = XCBuildConfiguration;
			buildSettings = {
				ASSETCATALOG_COMPILER_APPICON_NAME = AppIcon;
				CODE_SIGN_STYLE = Automatic;
				DEVELOPMENT_ASSET_PATHS = "\"Landmarks/Preview Content\"";
				ENABLE_PREVIEWS = YES;
				INFOPLIST_FILE = Landmarks/Info.plist;
				LD_RUNPATH_SEARCH_PATHS = (
					"$(inherited)",
					"@executable_path/Frameworks",
				);
				PRODUCT_BUNDLE_IDENTIFIER = com.Landmarks;
				PRODUCT_NAME = "$(TARGET_NAME)";
				SWIFT_VERSION = 5.0;
				TARGETED_DEVICE_FAMILY = "1,2";
			};
			name = Debug;
		};
		73887AF42433AB8900A5AE43 /* Release */ = {
			isa = XCBuildConfiguration;
			buildSettings = {
				ASSETCATALOG_COMPILER_APPICON_NAME = AppIcon;
				CODE_SIGN_STYLE = Automatic;
				DEVELOPMENT_ASSET_PATHS = "\"Landmarks/Preview Content\"";
				ENABLE_PREVIEWS = YES;
				INFOPLIST_FILE = Landmarks/Info.plist;
				LD_RUNPATH_SEARCH_PATHS = (
					"$(inherited)",
					"@executable_path/Frameworks",
				);
				PRODUCT_BUNDLE_IDENTIFIER = com.Landmarks;
				PRODUCT_NAME = "$(TARGET_NAME)";
				SWIFT_VERSION = 5.0;
				TARGETED_DEVICE_FAMILY = "1,2";
			};
			name = Release;
		};
/* End XCBuildConfiguration section */

/* Begin XCConfigurationList section */
		73887AD92433AB8800A5AE43 /* Build configuration list for PBXProject "Landmarks" */ = {
			isa = XCConfigurationList;
			buildConfigurations = (
				73887AF02433AB8900A5AE43 /* Debug */,
				73887AF12433AB8900A5AE43 /* Release */,
			);
			defaultConfigurationIsVisible = 0;
			defaultConfigurationName = Release;
		};
		73887AF22433AB8900A5AE43 /* Build configuration list for PBXNativeTarget "Landmarks" */ = {
			isa = XCConfigurationList;
			buildConfigurations = (
				73887AF32433AB8900A5AE43 /* Debug */,
				73887AF42433AB8900A5AE43 /* Release */,
			);
			defaultConfigurationIsVisible = 0;
			defaultConfigurationName = Release;
		};
/* End XCConfigurationList section */
	};
	rootObject = 73887AD62433AB8800A5AE43 /* Project object */;
}
